
Microsoft Visual Studio Solution File, Format Version 12.00
# Visual Studio Version 16
VisualStudioVersion = 16.0.31911.196
MinimumVisualStudioVersion = 10.0.40219.1
Project("{FAE04EC0-301F-11D3-BF4B-00C04F79EFBC}") = "FirstClassAndMethodToString()", "FirstClassAndMethodToString()\FirstClassAndMethodToString().csproj", "{767E5DB4-B7F3-43F7-A128-75039CB1D2C6}"
EndProject
Global
	GlobalSection(SolutionConfigurationPlatforms) = preSolution
		Debug|Any CPU = Debug|Any CPU
		Release|Any CPU = Release|Any CPU
	EndGlobalSection
	GlobalSection(ProjectConfigurationPlatforms) = postSolution
		{767E5DB4-B7F3-43F7-A128-75039CB1D2C6}.Debug|Any CPU.ActiveCfg = Debug|Any CPU
		{767E5DB4-B7F3-43F7-A128-75039CB1D2C6}.Debug|Any CPU.Build.0 = Debug|Any CPU
		{767E5DB4-B7F3-43F7-A128-75039CB1D2C6}.Release|Any CPU.ActiveCfg = Release|Any CPU
		{767E5DB4-B7F3-43F7-A128-75039CB1D2C6}.Release|Any CPU.Build.0 = Release|Any CPU
	EndGlobalSection
	GlobalSection(SolutionProperties) = preSolution
		HideSolutionNode = FALSE
	EndGlobalSection
	GlobalSection(ExtensibilityGlobals) = postSolution
		SolutionGuid = {19A1828C-524E-48AC-9BE7-F0D1B99C3B3E}
	EndGlobalSection
EndGlobal
