
Microsoft Visual Studio Solution File, Format Version 12.00
# Visual Studio Version 16
VisualStudioVersion = 16.0.31911.196
MinimumVisualStudioVersion = 10.0.40219.1
Project("{FAE04EC0-301F-11D3-BF4B-00C04F79EFBC}") = "Shapes-ClassDiagram", "Shapes-ClassDiagram\Shapes-ClassDiagram.csproj", "{7597D207-DD3F-4AF5-BCF0-5E1A6EDDE484}"
EndProject
Global
	GlobalSection(SolutionConfigurationPlatforms) = preSolution
		Debug|Any CPU = Debug|Any CPU
		Release|Any CPU = Release|Any CPU
	EndGlobalSection
	GlobalSection(ProjectConfigurationPlatforms) = postSolution
		{7597D207-DD3F-4AF5-BCF0-5E1A6EDDE484}.Debug|Any CPU.ActiveCfg = Debug|Any CPU
		{7597D207-DD3F-4AF5-BCF0-5E1A6EDDE484}.Debug|Any CPU.Build.0 = Debug|Any CPU
		{7597D207-DD3F-4AF5-BCF0-5E1A6EDDE484}.Release|Any CPU.ActiveCfg = Release|Any CPU
		{7597D207-DD3F-4AF5-BCF0-5E1A6EDDE484}.Release|Any CPU.Build.0 = Release|Any CPU
	EndGlobalSection
	GlobalSection(SolutionProperties) = preSolution
		HideSolutionNode = FALSE
	EndGlobalSection
	GlobalSection(ExtensibilityGlobals) = postSolution
		SolutionGuid = {18274A12-1D91-4BC1-9F9F-156F7EAD1685}
	EndGlobalSection
EndGlobal
