
Microsoft Visual Studio Solution File, Format Version 12.00
# Visual Studio Version 16
VisualStudioVersion = 16.0.31911.196
MinimumVisualStudioVersion = 10.0.40219.1
Project("{FAE04EC0-301F-11D3-BF4B-00C04F79EFBC}") = "ClassStudent+Teacher", "ClassStudent+Teacher\ClassStudent+Teacher.csproj", "{C0744200-B212-488F-A28C-8B3816A41558}"
EndProject
Global
	GlobalSection(SolutionConfigurationPlatforms) = preSolution
		Debug|Any CPU = Debug|Any CPU
		Release|Any CPU = Release|Any CPU
	EndGlobalSection
	GlobalSection(ProjectConfigurationPlatforms) = postSolution
		{C0744200-B212-488F-A28C-8B3816A41558}.Debug|Any CPU.ActiveCfg = Debug|Any CPU
		{C0744200-B212-488F-A28C-8B3816A41558}.Debug|Any CPU.Build.0 = Debug|Any CPU
		{C0744200-B212-488F-A28C-8B3816A41558}.Release|Any CPU.ActiveCfg = Release|Any CPU
		{C0744200-B212-488F-A28C-8B3816A41558}.Release|Any CPU.Build.0 = Release|Any CPU
	EndGlobalSection
	GlobalSection(SolutionProperties) = preSolution
		HideSolutionNode = FALSE
	EndGlobalSection
	GlobalSection(ExtensibilityGlobals) = postSolution
		SolutionGuid = {012A16F1-367E-472A-8FEB-C5BC56CDD47F}
	EndGlobalSection
EndGlobal
